
Microsoft Visual Studio Solution File, Format Version 12.00
# Visual Studio Version 16
VisualStudioVersion = 16.0.31624.102
MinimumVisualStudioVersion = 10.0.40219.1
Project("{FAE04EC0-301F-11D3-BF4B-00C04F79EFBC}") = "git-app-pipeline", "git-app-pipeline\git-app-pipeline.csproj", "{BBA12716-FBA4-4FDE-8E4C-33C8C2D814EA}"
EndProject
Global
	GlobalSection(SolutionConfigurationPlatforms) = preSolution
		Debug|Any CPU = Debug|Any CPU
		Release|Any CPU = Release|Any CPU
	EndGlobalSection
	GlobalSection(ProjectConfigurationPlatforms) = postSolution
		{BBA12716-FBA4-4FDE-8E4C-33C8C2D814EA}.Debug|Any CPU.ActiveCfg = Debug|Any CPU
		{BBA12716-FBA4-4FDE-8E4C-33C8C2D814EA}.Debug|Any CPU.Build.0 = Debug|Any CPU
		{BBA12716-FBA4-4FDE-8E4C-33C8C2D814EA}.Release|Any CPU.ActiveCfg = Release|Any CPU
		{BBA12716-FBA4-4FDE-8E4C-33C8C2D814EA}.Release|Any CPU.Build.0 = Release|Any CPU
	EndGlobalSection
	GlobalSection(SolutionProperties) = preSolution
		HideSolutionNode = FALSE
	EndGlobalSection
	GlobalSection(ExtensibilityGlobals) = postSolution
		SolutionGuid = {E8897405-539C-4500-BF01-6CE1C71708AA}
	EndGlobalSection
EndGlobal
